// !$*UTF8*$!
{
	archiveVersion = 1;
	classes = {
	};
	objectVersion = 50;
	objects = {

/* Begin PBXBuildFile section */
		D44AF35B235BB8BF0082509B /* AppDelegate.swift in Sources */ = {isa = PBXBuildFile; fileRef = D44AF35A235BB8BF0082509B /* AppDelegate.swift */; };
		D44AF35D235BB8BF0082509B /* SceneDelegate.swift in Sources */ = {isa = PBXBuildFile; fileRef = D44AF35C235BB8BF0082509B /* SceneDelegate.swift */; };
		D44AF35F235BB8BF0082509B /* ContentView.swift in Sources */ = {isa = PBXBuildFile; fileRef = D44AF35E235BB8BF0082509B /* ContentView.swift */; };
		D44AF361235BB8C10082509B /* Assets.xcassets in Resources */ = {isa = PBXBuildFile; fileRef = D44AF360235BB8C10082509B /* Assets.xcassets */; };
		D44AF364235BB8C10082509B /* Preview Assets.xcassets in Resources */ = {isa = PBXBuildFile; fileRef = D44AF363235BB8C10082509B /* Preview Assets.xcassets */; };
		D44AF367235BB8C10082509B /* LaunchScreen.storyboard in Resources */ = {isa = PBXBuildFile; fileRef = D44AF365235BB8C10082509B /* LaunchScreen.storyboard */; };
		D44AF372235BB8C10082509B /* stanfordHackathonTests.swift in Sources */ = {isa = PBXBuildFile; fileRef = D44AF371235BB8C10082509B /* stanfordHackathonTests.swift */; };
		D44AF37D235BB8C10082509B /* stanfordHackathonUITests.swift in Sources */ = {isa = PBXBuildFile; fileRef = D44AF37C235BB8C10082509B /* stanfordHackathonUITests.swift */; };
/* End PBXBuildFile section */

/* Begin PBXContainerItemProxy section */
		D44AF36E235BB8C10082509B /* PBXContainerItemProxy */ = {
			isa = PBXContainerItemProxy;
			containerPortal = D44AF34F235BB8BF0082509B /* Project object */;
			proxyType = 1;
			remoteGlobalIDString = D44AF356235BB8BF0082509B;
			remoteInfo = stanfordHackathon;
		};
		D44AF379235BB8C10082509B /* PBXContainerItemProxy */ = {
			isa = PBXContainerItemProxy;
			containerPortal = D44AF34F235BB8BF0082509B /* Project object */;
			proxyType = 1;
			remoteGlobalIDString = D44AF356235BB8BF0082509B;
			remoteInfo = stanfordHackathon;
		};
/* End PBXContainerItemProxy section */

/* Begin PBXFileReference section */
		D44AF357235BB8BF0082509B /* stanfordHackathon.app */ = {isa = PBXFileReference; explicitFileType = wrapper.application; includeInIndex = 0; path = stanfordHackathon.app; sourceTree = BUILT_PRODUCTS_DIR; };
		D44AF35A235BB8BF0082509B /* AppDelegate.swift */ = {isa = PBXFileReference; lastKnownFileType = sourcecode.swift; path = AppDelegate.swift; sourceTree = "<group>"; };
		D44AF35C235BB8BF0082509B /* SceneDelegate.swift */ = {isa = PBXFileReference; lastKnownFileType = sourcecode.swift; path = SceneDelegate.swift; sourceTree = "<group>"; };
		D44AF35E235BB8BF0082509B /* ContentView.swift */ = {isa = PBXFileReference; lastKnownFileType = sourcecode.swift; path = ContentView.swift; sourceTree = "<group>"; };
		D44AF360235BB8C10082509B /* Assets.xcassets */ = {isa = PBXFileReference; lastKnownFileType = folder.assetcatalog; path = Assets.xcassets; sourceTree = "<group>"; };
		D44AF363235BB8C10082509B /* Preview Assets.xcassets */ = {isa = PBXFileReference; lastKnownFileType = folder.assetcatalog; path = "Preview Assets.xcassets"; sourceTree = "<group>"; };
		D44AF366235BB8C10082509B /* Base */ = {isa = PBXFileReference; lastKnownFileType = file.storyboard; name = Base; path = Base.lproj/LaunchScreen.storyboard; sourceTree = "<group>"; };
		D44AF368235BB8C10082509B /* Info.plist */ = {isa = PBXFileReference; lastKnownFileType = text.plist.xml; path = Info.plist; sourceTree = "<group>"; };
		D44AF36D235BB8C10082509B /* stanfordHackathonTests.xctest */ = {isa = PBXFileReference; explicitFileType = wrapper.cfbundle; includeInIndex = 0; path = stanfordHackathonTests.xctest; sourceTree = BUILT_PRODUCTS_DIR; };
		D44AF371235BB8C10082509B /* stanfordHackathonTests.swift */ = {isa = PBXFileReference; lastKnownFileType = sourcecode.swift; path = stanfordHackathonTests.swift; sourceTree = "<group>"; };
		D44AF373235BB8C10082509B /* Info.plist */ = {isa = PBXFileReference; lastKnownFileType = text.plist.xml; path = Info.plist; sourceTree = "<group>"; };
		D44AF378235BB8C10082509B /* stanfordHackathonUITests.xctest */ = {isa = PBXFileReference; explicitFileType = wrapper.cfbundle; includeInIndex = 0; path = stanfordHackathonUITests.xctest; sourceTree = BUILT_PRODUCTS_DIR; };
		D44AF37C235BB8C10082509B /* stanfordHackathonUITests.swift */ = {isa = PBXFileReference; lastKnownFileType = sourcecode.swift; path = stanfordHackathonUITests.swift; sourceTree = "<group>"; };
		D44AF37E235BB8C10082509B /* Info.plist */ = {isa = PBXFileReference; lastKnownFileType = text.plist.xml; path = Info.plist; sourceTree = "<group>"; };
/* End PBXFileReference section */

/* Begin PBXFrameworksBuildPhase section */
		D44AF354235BB8BF0082509B /* Frameworks */ = {
			isa = PBXFrameworksBuildPhase;
			buildActionMask = 2147483647;
			files = (
			);
			runOnlyForDeploymentPostprocessing = 0;
		};
		D44AF36A235BB8C10082509B /* Frameworks */ = {
			isa = PBXFrameworksBuildPhase;
			buildActionMask = 2147483647;
			files = (
			);
			runOnlyForDeploymentPostprocessing = 0;
		};
		D44AF375235BB8C10082509B /* Frameworks */ = {
			isa = PBXFrameworksBuildPhase;
			buildActionMask = 2147483647;
			files = (
			);
			runOnlyForDeploymentPostprocessing = 0;
		};
/* End PBXFrameworksBuildPhase section */

/* Begin PBXGroup section */
		D44AF34E235BB8BF0082509B = {
			isa = PBXGroup;
			children = (
				D44AF359235BB8BF0082509B /* stanfordHackathon */,
				D44AF370235BB8C10082509B /* stanfordHackathonTests */,
				D44AF37B235BB8C10082509B /* stanfordHackathonUITests */,
				D44AF358235BB8BF0082509B /* Products */,
			);
			sourceTree = "<group>";
		};
		D44AF358235BB8BF0082509B /* Products */ = {
			isa = PBXGroup;
			children = (
				D44AF357235BB8BF0082509B /* stanfordHackathon.app */,
				D44AF36D235BB8C10082509B /* stanfordHackathonTests.xctest */,
				D44AF378235BB8C10082509B /* stanfordHackathonUITests.xctest */,
			);
			name = Products;
			sourceTree = "<group>";
		};
		D44AF359235BB8BF0082509B /* stanfordHackathon */ = {
			isa = PBXGroup;
			children = (
				D44AF35A235BB8BF0082509B /* AppDelegate.swift */,
				D44AF35C235BB8BF0082509B /* SceneDelegate.swift */,
				D44AF35E235BB8BF0082509B /* ContentView.swift */,
				D44AF360235BB8C10082509B /* Assets.xcassets */,
				D44AF365235BB8C10082509B /* LaunchScreen.storyboard */,
				D44AF368235BB8C10082509B /* Info.plist */,
				D44AF362235BB8C10082509B /* Preview Content */,
			);
			path = stanfordHackathon;
			sourceTree = "<group>";
		};
		D44AF362235BB8C10082509B /* Preview Content */ = {
			isa = PBXGroup;
			children = (
				D44AF363235BB8C10082509B /* Preview Assets.xcassets */,
			);
			path = "Preview Content";
			sourceTree = "<group>";
		};
		D44AF370235BB8C10082509B /* stanfordHackathonTests */ = {
			isa = PBXGroup;
			children = (
				D44AF371235BB8C10082509B /* stanfordHackathonTests.swift */,
				D44AF373235BB8C10082509B /* Info.plist */,
			);
			path = stanfordHackathonTests;
			sourceTree = "<group>";
		};
		D44AF37B235BB8C10082509B /* stanfordHackathonUITests */ = {
			isa = PBXGroup;
			children = (
				D44AF37C235BB8C10082509B /* stanfordHackathonUITests.swift */,
				D44AF37E235BB8C10082509B /* Info.plist */,
			);
			path = stanfordHackathonUITests;
			sourceTree = "<group>";
		};
/* End PBXGroup section */

/* Begin PBXNativeTarget section */
		D44AF356235BB8BF0082509B /* stanfordHackathon */ = {
			isa = PBXNativeTarget;
			buildConfigurationList = D44AF381235BB8C10082509B /* Build configuration list for PBXNativeTarget "stanfordHackathon" */;
			buildPhases = (
				D44AF353235BB8BF0082509B /* Sources */,
				D44AF354235BB8BF0082509B /* Frameworks */,
				D44AF355235BB8BF0082509B /* Resources */,
			);
			buildRules = (
			);
			dependencies = (
			);
			name = stanfordHackathon;
			productName = stanfordHackathon;
			productReference = D44AF357235BB8BF0082509B /* stanfordHackathon.app */;
			productType = "com.apple.product-type.application";
		};
		D44AF36C235BB8C10082509B /* stanfordHackathonTests */ = {
			isa = PBXNativeTarget;
			buildConfigurationList = D44AF384235BB8C10082509B /* Build configuration list for PBXNativeTarget "stanfordHackathonTests" */;
			buildPhases = (
				D44AF369235BB8C10082509B /* Sources */,
				D44AF36A235BB8C10082509B /* Frameworks */,
				D44AF36B235BB8C10082509B /* Resources */,
			);
			buildRules = (
			);
			dependencies = (
				D44AF36F235BB8C10082509B /* PBXTargetDependency */,
			);
			name = stanfordHackathonTests;
			productName = stanfordHackathonTests;
			productReference = D44AF36D235BB8C10082509B /* stanfordHackathonTests.xctest */;
			productType = "com.apple.product-type.bundle.unit-test";
		};
		D44AF377235BB8C10082509B /* stanfordHackathonUITests */ = {
			isa = PBXNativeTarget;
			buildConfigurationList = D44AF387235BB8C10082509B /* Build configuration list for PBXNativeTarget "stanfordHackathonUITests" */;
			buildPhases = (
				D44AF374235BB8C10082509B /* Sources */,
				D44AF375235BB8C10082509B /* Frameworks */,
				D44AF376235BB8C10082509B /* Resources */,
			);
			buildRules = (
			);
			dependencies = (
				D44AF37A235BB8C10082509B /* PBXTargetDependency */,
			);
			name = stanfordHackathonUITests;
			productName = stanfordHackathonUITests;
			productReference = D44AF378235BB8C10082509B /* stanfordHackathonUITests.xctest */;
			productType = "com.apple.product-type.bundle.ui-testing";
		};
/* End PBXNativeTarget section */

/* Begin PBXProject section */
		D44AF34F235BB8BF0082509B /* Project object */ = {
			isa = PBXProject;
			attributes = {
				LastSwiftUpdateCheck = 1100;
				LastUpgradeCheck = 1100;
				ORGANIZATIONNAME = "Shefali Emmanuel";
				TargetAttributes = {
					D44AF356235BB8BF0082509B = {
						CreatedOnToolsVersion = 11.0;
					};
					D44AF36C235BB8C10082509B = {
						CreatedOnToolsVersion = 11.0;
						TestTargetID = D44AF356235BB8BF0082509B;
					};
					D44AF377235BB8C10082509B = {
						CreatedOnToolsVersion = 11.0;
						TestTargetID = D44AF356235BB8BF0082509B;
					};
				};
			};
			buildConfigurationList = D44AF352235BB8BF0082509B /* Build configuration list for PBXProject "stanfordHackathon" */;
			compatibilityVersion = "Xcode 9.3";
			developmentRegion = en;
			hasScannedForEncodings = 0;
			knownRegions = (
				en,
				Base,
			);
			mainGroup = D44AF34E235BB8BF0082509B;
			productRefGroup = D44AF358235BB8BF0082509B /* Products */;
			projectDirPath = "";
			projectRoot = "";
			targets = (
				D44AF356235BB8BF0082509B /* stanfordHackathon */,
				D44AF36C235BB8C10082509B /* stanfordHackathonTests */,
				D44AF377235BB8C10082509B /* stanfordHackathonUITests */,
			);
		};
/* End PBXProject section */

/* Begin PBXResourcesBuildPhase section */
		D44AF355235BB8BF0082509B /* Resources */ = {
			isa = PBXResourcesBuildPhase;
			buildActionMask = 2147483647;
			files = (
				D44AF367235BB8C10082509B /* LaunchScreen.storyboard in Resources */,
				D44AF364235BB8C10082509B /* Preview Assets.xcassets in Resources */,
				D44AF361235BB8C10082509B /* Assets.xcassets in Resources */,
			);
			runOnlyForDeploymentPostprocessing = 0;
		};
		D44AF36B235BB8C10082509B /* Resources */ = {
			isa = PBXResourcesBuildPhase;
			buildActionMask = 2147483647;
			files = (
			);
			runOnlyForDeploymentPostprocessing = 0;
		};
		D44AF376235BB8C10082509B /* Resources */ = {
			isa = PBXResourcesBuildPhase;
			buildActionMask = 2147483647;
			files = (
			);
			runOnlyForDeploymentPostprocessing = 0;
		};
/* End PBXResourcesBuildPhase section */

/* Begin PBXSourcesBuildPhase section */
		D44AF353235BB8BF0082509B /* Sources */ = {
			isa = PBXSourcesBuildPhase;
			buildActionMask = 2147483647;
			files = (
				D44AF35B235BB8BF0082509B /* AppDelegate.swift in Sources */,
				D44AF35D235BB8BF0082509B /* SceneDelegate.swift in Sources */,
				D44AF35F235BB8BF0082509B /* ContentView.swift in Sources */,
			);
			runOnlyForDeploymentPostprocessing = 0;
		};
		D44AF369235BB8C10082509B /* Sources */ = {
			isa = PBXSourcesBuildPhase;
			buildActionMask = 2147483647;
			files = (
				D44AF372235BB8C10082509B /* stanfordHackathonTests.swift in Sources */,
			);
			runOnlyForDeploymentPostprocessing = 0;
		};
		D44AF374235BB8C10082509B /* Sources */ = {
			isa = PBXSourcesBuildPhase;
			buildActionMask = 2147483647;
			files = (
				D44AF37D235BB8C10082509B /* stanfordHackathonUITests.swift in Sources */,
			);
			runOnlyForDeploymentPostprocessing = 0;
		};
/* End PBXSourcesBuildPhase section */

/* Begin PBXTargetDependency section */
		D44AF36F235BB8C10082509B /* PBXTargetDependency */ = {
			isa = PBXTargetDependency;
			target = D44AF356235BB8BF0082509B /* stanfordHackathon */;
			targetProxy = D44AF36E235BB8C10082509B /* PBXContainerItemProxy */;
		};
		D44AF37A235BB8C10082509B /* PBXTargetDependency */ = {
			isa = PBXTargetDependency;
			target = D44AF356235BB8BF0082509B /* stanfordHackathon */;
			targetProxy = D44AF379235BB8C10082509B /* PBXContainerItemProxy */;
		};
/* End PBXTargetDependency section */

/* Begin PBXVariantGroup section */
		D44AF365235BB8C10082509B /* LaunchScreen.storyboard */ = {
			isa = PBXVariantGroup;
			children = (
				D44AF366235BB8C10082509B /* Base */,
			);
			name = LaunchScreen.storyboard;
			sourceTree = "<group>";
		};
/* End PBXVariantGroup section */

/* Begin XCBuildConfiguration section */
		D44AF37F235BB8C10082509B /* Debug */ = {
			isa = XCBuildConfiguration;
			buildSettings = {
				ALWAYS_SEARCH_USER_PATHS = NO;
				CLANG_ANALYZER_NONNULL = YES;
				CLANG_ANALYZER_NUMBER_OBJECT_CONVERSION = YES_AGGRESSIVE;
				CLANG_CXX_LANGUAGE_STANDARD = "gnu++14";
				CLANG_CXX_LIBRARY = "libc++";
				CLANG_ENABLE_MODULES = YES;
				CLANG_ENABLE_OBJC_ARC = YES;
				CLANG_ENABLE_OBJC_WEAK = YES;
				CLANG_WARN_BLOCK_CAPTURE_AUTORELEASING = YES;
				CLANG_WARN_BOOL_CONVERSION = YES;
				CLANG_WARN_COMMA = YES;
				CLANG_WARN_CONSTANT_CONVERSION = YES;
				CLANG_WARN_DEPRECATED_OBJC_IMPLEMENTATIONS = YES;
				CLANG_WARN_DIRECT_OBJC_ISA_USAGE = YES_ERROR;
				CLANG_WARN_DOCUMENTATION_COMMENTS = YES;
				CLANG_WARN_EMPTY_BODY = YES;
				CLANG_WARN_ENUM_CONVERSION = YES;
				CLANG_WARN_INFINITE_RECURSION = YES;
				CLANG_WARN_INT_CONVERSION = YES;
				CLANG_WARN_NON_LITERAL_NULL_CONVERSION = YES;
				CLANG_WARN_OBJC_IMPLICIT_RETAIN_SELF = YES;
				CLANG_WARN_OBJC_LITERAL_CONVERSION = YES;
				CLANG_WARN_OBJC_ROOT_CLASS = YES_ERROR;
				CLANG_WARN_RANGE_LOOP_ANALYSIS = YES;
				CLANG_WARN_STRICT_PROTOTYPES = YES;
				CLANG_WARN_SUSPICIOUS_MOVE = YES;
				CLANG_WARN_UNGUARDED_AVAILABILITY = YES_AGGRESSIVE;
				CLANG_WARN_UNREACHABLE_CODE = YES;
				CLANG_WARN__DUPLICATE_METHOD_MATCH = YES;
				COPY_PHASE_STRIP = NO;
				DEBUG_INFORMATION_FORMAT = dwarf;
				ENABLE_STRICT_OBJC_MSGSEND = YES;
				ENABLE_TESTABILITY = YES;
				GCC_C_LANGUAGE_STANDARD = gnu11;
				GCC_DYNAMIC_NO_PIC = NO;
				GCC_NO_COMMON_BLOCKS = YES;
				GCC_OPTIMIZATION_LEVEL = 0;
				GCC_PREPROCESSOR_DEFINITIONS = (
					"DEBUG=1",
					"$(inherited)",
				);
				GCC_WARN_64_TO_32_BIT_CONVERSION = YES;
				GCC_WARN_ABOUT_RETURN_TYPE = YES_ERROR;
				GCC_WARN_UNDECLARED_SELECTOR = YES;
				GCC_WARN_UNINITIALIZED_AUTOS = YES_AGGRESSIVE;
				GCC_WARN_UNUSED_FUNCTION = YES;
				GCC_WARN_UNUSED_VARIABLE = YES;
				IPHONEOS_DEPLOYMENT_TARGET = 13.0;
				MTL_ENABLE_DEBUG_INFO = INCLUDE_SOURCE;
				MTL_FAST_MATH = YES;
				ONLY_ACTIVE_ARCH = YES;
				SDKROOT = iphoneos;
				SWIFT_ACTIVE_COMPILATION_CONDITIONS = DEBUG;
				SWIFT_OPTIMIZATION_LEVEL = "-Onone";
			};
			name = Debug;
		};
		D44AF380235BB8C10082509B /* Release */ = {
			isa = XCBuildConfiguration;
			buildSettings = {
				ALWAYS_SEARCH_USER_PATHS = NO;
				CLANG_ANALYZER_NONNULL = YES;
				CLANG_ANALYZER_NUMBER_OBJECT_CONVERSION = YES_AGGRESSIVE;
				CLANG_CXX_LANGUAGE_STANDARD = "gnu++14";
				CLANG_CXX_LIBRARY = "libc++";
				CLANG_ENABLE_MODULES = YES;
				CLANG_ENABLE_OBJC_ARC = YES;
				CLANG_ENABLE_OBJC_WEAK = YES;
				CLANG_WARN_BLOCK_CAPTURE_AUTORELEASING = YES;
				CLANG_WARN_BOOL_CONVERSION = YES;
				CLANG_WARN_COMMA = YES;
				CLANG_WARN_CONSTANT_CONVERSION = YES;
				CLANG_WARN_DEPRECATED_OBJC_IMPLEMENTATIONS = YES;
				CLANG_WARN_DIRECT_OBJC_ISA_USAGE = YES_ERROR;
				CLANG_WARN_DOCUMENTATION_COMMENTS = YES;
				CLANG_WARN_EMPTY_BODY = YES;
				CLANG_WARN_ENUM_CONVERSION = YES;
				CLANG_WARN_INFINITE_RECURSION = YES;
				CLANG_WARN_INT_CONVERSION = YES;
				CLANG_WARN_NON_LITERAL_NULL_CONVERSION = YES;
				CLANG_WARN_OBJC_IMPLICIT_RETAIN_SELF = YES;
				CLANG_WARN_OBJC_LITERAL_CONVERSION = YES;
				CLANG_WARN_OBJC_ROOT_CLASS = YES_ERROR;
				CLANG_WARN_RANGE_LOOP_ANALYSIS = YES;
				CLANG_WARN_STRICT_PROTOTYPES = YES;
				CLANG_WARN_SUSPICIOUS_MOVE = YES;
				CLANG_WARN_UNGUARDED_AVAILABILITY = YES_AGGRESSIVE;
				CLANG_WARN_UNREACHABLE_CODE = YES;
				CLANG_WARN__DUPLICATE_METHOD_MATCH = YES;
				COPY_PHASE_STRIP = NO;
				DEBUG_INFORMATION_FORMAT = "dwarf-with-dsym";
				ENABLE_NS_ASSERTIONS = NO;
				ENABLE_STRICT_OBJC_MSGSEND = YES;
				GCC_C_LANGUAGE_STANDARD = gnu11;
				GCC_NO_COMMON_BLOCKS = YES;
				GCC_WARN_64_TO_32_BIT_CONVERSION = YES;
				GCC_WARN_ABOUT_RETURN_TYPE = YES_ERROR;
				GCC_WARN_UNDECLARED_SELECTOR = YES;
				GCC_WARN_UNINITIALIZED_AUTOS = YES_AGGRESSIVE;
				GCC_WARN_UNUSED_FUNCTION = YES;
				GCC_WARN_UNUSED_VARIABLE = YES;
				IPHONEOS_DEPLOYMENT_TARGET = 13.0;
				MTL_ENABLE_DEBUG_INFO = NO;
				MTL_FAST_MATH = YES;
				SDKROOT = iphoneos;
				SWIFT_COMPILATION_MODE = wholemodule;
				SWIFT_OPTIMIZATION_LEVEL = "-O";
				VALIDATE_PRODUCT = YES;
			};
			name = Release;
		};
		D44AF382235BB8C10082509B /* Debug */ = {
			isa = XCBuildConfiguration;
			buildSettings = {
				ASSETCATALOG_COMPILER_APPICON_NAME = AppIcon;
				CODE_SIGN_STYLE = Automatic;
				DEVELOPMENT_ASSET_PATHS = "\"stanfordHackathon/Preview Content\"";
				ENABLE_PREVIEWS = YES;
				INFOPLIST_FILE = stanfordHackathon/Info.plist;
				LD_RUNPATH_SEARCH_PATHS = (
					"$(inherited)",
					"@executable_path/Frameworks",
				);
				PRODUCT_BUNDLE_IDENTIFIER = Shef.stanfordHackathon;
				PRODUCT_NAME = "$(TARGET_NAME)";
				SWIFT_VERSION = 5.0;
				TARGETED_DEVICE_FAMILY = "1,2";
			};
			name = Debug;
		};
		D44AF383235BB8C10082509B /* Release */ = {
			isa = XCBuildConfiguration;
			buildSettings = {
				ASSETCATALOG_COMPILER_APPICON_NAME = AppIcon;
				CODE_SIGN_STYLE = Automatic;
				DEVELOPMENT_ASSET_PATHS = "\"stanfordHackathon/Preview Content\"";
				ENABLE_PREVIEWS = YES;
				INFOPLIST_FILE = stanfordHackathon/Info.plist;
				LD_RUNPATH_SEARCH_PATHS = (
					"$(inherited)",
					"@executable_path/Frameworks",
				);
				PRODUCT_BUNDLE_IDENTIFIER = Shef.stanfordHackathon;
				PRODUCT_NAME = "$(TARGET_NAME)";
				SWIFT_VERSION = 5.0;
				TARGETED_DEVICE_FAMILY = "1,2";
			};
			name = Release;
		};
		D44AF385235BB8C10082509B /* Debug */ = {
			isa = XCBuildConfiguration;
			buildSettings = {
				ALWAYS_EMBED_SWIFT_STANDARD_LIBRARIES = YES;
				BUNDLE_LOADER = "$(TEST_HOST)";
				CODE_SIGN_STYLE = Automatic;
				INFOPLIST_FILE = stanfordHackathonTests/Info.plist;
				IPHONEOS_DEPLOYMENT_TARGET = 13.0;
				LD_RUNPATH_SEARCH_PATHS = (
					"$(inherited)",
					"@executable_path/Frameworks",
					"@loader_path/Frameworks",
				);
				PRODUCT_BUNDLE_IDENTIFIER = Shef.stanfordHackathonTests;
				PRODUCT_NAME = "$(TARGET_NAME)";
				SWIFT_VERSION = 5.0;
				TARGETED_DEVICE_FAMILY = "1,2";
				TEST_HOST = "$(BUILT_PRODUCTS_DIR)/stanfordHackathon.app/stanfordHackathon";
			};
			name = Debug;
		};
		D44AF386235BB8C10082509B /* Release */ = {
			isa = XCBuildConfiguration;
			buildSettings = {
				ALWAYS_EMBED_SWIFT_STANDARD_LIBRARIES = YES;
				BUNDLE_LOADER = "$(TEST_HOST)";
				CODE_SIGN_STYLE = Automatic;
				INFOPLIST_FILE = stanfordHackathonTests/Info.plist;
				IPHONEOS_DEPLOYMENT_TARGET = 13.0;
				LD_RUNPATH_SEARCH_PATHS = (
					"$(inherited)",
					"@executable_path/Frameworks",
					"@loader_path/Frameworks",
				);
				PRODUCT_BUNDLE_IDENTIFIER = Shef.stanfordHackathonTests;
				PRODUCT_NAME = "$(TARGET_NAME)";
				SWIFT_VERSION = 5.0;
				TARGETED_DEVICE_FAMILY = "1,2";
				TEST_HOST = "$(BUILT_PRODUCTS_DIR)/stanfordHackathon.app/stanfordHackathon";
			};
			name = Release;
		};
		D44AF388235BB8C10082509B /* Debug */ = {
			isa = XCBuildConfiguration;
			buildSettings = {
				ALWAYS_EMBED_SWIFT_STANDARD_LIBRARIES = YES;
				CODE_SIGN_STYLE = Automatic;
				INFOPLIST_FILE = stanfordHackathonUITests/Info.plist;
				LD_RUNPATH_SEARCH_PATHS = (
					"$(inherited)",
					"@executable_path/Frameworks",
					"@loader_path/Frameworks",
				);
				PRODUCT_BUNDLE_IDENTIFIER = Shef.stanfordHackathonUITests;
				PRODUCT_NAME = "$(TARGET_NAME)";
				SWIFT_VERSION = 5.0;
				TARGETED_DEVICE_FAMILY = "1,2";
				TEST_TARGET_NAME = stanfordHackathon;
			};
			name = Debug;
		};
		D44AF389235BB8C10082509B /* Release */ = {
			isa = XCBuildConfiguration;
			buildSettings = {
				ALWAYS_EMBED_SWIFT_STANDARD_LIBRARIES = YES;
				CODE_SIGN_STYLE = Automatic;
				INFOPLIST_FILE = stanfordHackathonUITests/Info.plist;
				LD_RUNPATH_SEARCH_PATHS = (
					"$(inherited)",
					"@executable_path/Frameworks",
					"@loader_path/Frameworks",
				);
				PRODUCT_BUNDLE_IDENTIFIER = Shef.stanfordHackathonUITests;
				PRODUCT_NAME = "$(TARGET_NAME)";
				SWIFT_VERSION = 5.0;
				TARGETED_DEVICE_FAMILY = "1,2";
				TEST_TARGET_NAME = stanfordHackathon;
			};
			name = Release;
		};
/* End XCBuildConfiguration section */

/* Begin XCConfigurationList section */
		D44AF352235BB8BF0082509B /* Build configuration list for PBXProject "stanfordHackathon" */ = {
			isa = XCConfigurationList;
			buildConfigurations = (
				D44AF37F235BB8C10082509B /* Debug */,
				D44AF380235BB8C10082509B /* Release */,
			);
			defaultConfigurationIsVisible = 0;
			defaultConfigurationName = Release;
		};
		D44AF381235BB8C10082509B /* Build configuration list for PBXNativeTarget "stanfordHackathon" */ = {
			isa = XCConfigurationList;
			buildConfigurations = (
				D44AF382235BB8C10082509B /* Debug */,
				D44AF383235BB8C10082509B /* Release */,
			);
			defaultConfigurationIsVisible = 0;
			defaultConfigurationName = Release;
		};
		D44AF384235BB8C10082509B /* Build configuration list for PBXNativeTarget "stanfordHackathonTests" */ = {
			isa = XCConfigurationList;
			buildConfigurations = (
				D44AF385235BB8C10082509B /* Debug */,
				D44AF386235BB8C10082509B /* Release */,
			);
			defaultConfigurationIsVisible = 0;
			defaultConfigurationName = Release;
		};
		D44AF387235BB8C10082509B /* Build configuration list for PBXNativeTarget "stanfordHackathonUITests" */ = {
			isa = XCConfigurationList;
			buildConfigurations = (
				D44AF388235BB8C10082509B /* Debug */,
				D44AF389235BB8C10082509B /* Release */,
			);
			defaultConfigurationIsVisible = 0;
			defaultConfigurationName = Release;
		};
/* End XCConfigurationList section */
	};
	rootObject = D44AF34F235BB8BF0082509B /* Project object */;
}
